<?xml version="1.0" encoding="utf-8"?>
<Project ToolsVersion="4.0" xmlns="http://schemas.microsoft.com/developer/msbuild/2003">
  <ItemGroup>
    <Filter Include="Common">
      <UniqueIdentifier>{0a258dfc-f5ab-48a9-84e8-2f19c1c89745}</UniqueIdentifier>
    </Filter>
    <Filter Include="Inc">
      <UniqueIdentifier>{28bd5f32-aa66-4e9b-a181-d7bf7c2f158a}</UniqueIdentifier>
    </Filter>
    <Filter Include="Src">
      <UniqueIdentifier>{307ae3e0-fadb-4ee2-9210-442cee29ba4b}</UniqueIdentifier>
    </Filter>
  </ItemGroup>
  <ItemGroup>
    <ClCompile Include="..\..\..\emitto-firmware\Photon\EmittoStack\CLI.cpp">
      <Filter>Common</Filter>
    </ClCompile>
    <ClCompile Include="..\..\..\emitto-firmware\Photon\EmittoStack\deviceFSM.cpp">
      <Filter>Common</Filter>
    </ClCompile>
    <ClCompile Include="..\..\..\emitto-firmware\Photon\EmittoStack\LearnIR.cpp">
      <Filter>Src</Filter>
    </ClCompile>
    <ClCompile Include="..\..\..\emitto-firmware\Photon\EmittoStack\localComm.cpp">
      <Filter>Common</Filter>
    </ClCompile>
    <ClCompile Include="..\..\..\emitto-firmware\Photon\EmittoStack\utils.cpp">
      <Filter>Common</Filter>
    </ClCompile>
    <ClCompile Include="..\..\..\emitto-firmware\Photon\EmittoStack\IRHub.cpp">
      <Filter>Src</Filter>
    </ClCompile>
    <ClCompile Include="..\..\..\emitto-firmware\Photon\EmittoStack\aes.cpp">
      <Filter>Common</Filter>
    </ClCompile>
    <ClCompile Include="..\..\..\emitto-firmware\Photon\EmittoStack\learn-ir.cpp">
      <Filter>Src</Filter>
    </ClCompile>
    <ClCompile Include="..\..\..\emitto-firmware\Photon\EmittoStack\learn-ir_rx.cpp">
      <Filter>Src</Filter>
    </ClCompile>
    <ClCompile Include="..\..\..\emitto-firmware\Photon\EmittoStack\learn-ir_tx.cpp">
      <Filter>Src</Filter>
    </ClCompile>
  </ItemGroup>
  <ItemGroup>
    <ClInclude Include="..\..\..\emitto-firmware\Photon\EmittoStack\CLI.h">
      <Filter>Common</Filter>
    </ClInclude>
    <ClInclude Include="..\..\..\emitto-firmware\Photon\EmittoStack\device.h">
      <Filter>Common</Filter>
    </ClInclude>
    <ClInclude Include="..\..\..\emitto-firmware\Photon\EmittoStack\deviceCommands.h">
      <Filter>Common</Filter>
    </ClInclude>
    <ClInclude Include="..\..\..\emitto-firmware\Photon\EmittoStack\deviceFSM.h">
      <Filter>Common</Filter>
    </ClInclude>
    <ClInclude Include="..\..\..\emitto-firmware\Photon\EmittoStack\deviceIRhub.h">
      <Filter>Inc</Filter>
    </ClInclude>
    <ClInclude Include="..\..\..\emitto-firmware\Photon\EmittoStack\devLEDStatus.h">
      <Filter>Common</Filter>
    </ClInclude>
    <ClInclude Include="..\..\..\emitto-firmware\Photon\EmittoStack\devParameters.h">
      <Filter>Common</Filter>
    </ClInclude>
    <ClInclude Include="..\..\..\emitto-firmware\Photon\EmittoStack\hw_version.h">
      <Filter>Common</Filter>
    </ClInclude>
    <ClInclude Include="..\..\..\emitto-firmware\Photon\EmittoStack\ircodes.h">
      <Filter>Common</Filter>
    </ClInclude>
    <ClInclude Include="..\..\..\emitto-firmware\Photon\EmittoStack\irfunc.h">
      <Filter>Inc</Filter>
    </ClInclude>
    <ClInclude Include="..\..\..\emitto-firmware\Photon\EmittoStack\IRHub.h">
      <Filter>Inc</Filter>
    </ClInclude>
    <ClInclude Include="..\..\..\emitto-firmware\Photon\EmittoStack\LearnIR.h">
      <Filter>Inc</Filter>
    </ClInclude>
    <ClInclude Include="..\..\..\emitto-firmware\Photon\EmittoStack\localComm.h">
      <Filter>Common</Filter>
    </ClInclude>
    <ClInclude Include="..\..\..\emitto-firmware\Photon\EmittoStack\utils.h">
      <Filter>Common</Filter>
    </ClInclude>
    <ClInclude Include="..\..\..\emitto-firmware\Photon\EmittoStack\version_Core.h">
      <Filter>Common</Filter>
    </ClInclude>
    <ClInclude Include="..\..\..\emitto-firmware\Photon\EmittoStack\version_Irhub.h">
      <Filter>Inc</Filter>
    </ClInclude>
    <ClInclude Include="..\..\..\emitto-firmware\Photon\EmittoStack\aes.h">
      <Filter>Common</Filter>
    </ClInclude>
    <ClInclude Include="..\..\..\emitto-firmware\Photon\EmittoStack\learn-ir.h">
      <Filter>Inc</Filter>
    </ClInclude>
  </ItemGroup>
  <ItemGroup>
    <None Include="..\..\..\emitto-firmware\Photon\EmittoStack\compileIRhub.sh" />
    <None Include="..\..\..\emitto-firmware\Photon\EmittoStack\flashIRHub.sh" />
    <None Include="..\..\..\emitto-firmware\Photon\EmittoStack\deviceIRHub.ino">
      <Filter>Src</Filter>
    </None>
  </ItemGroup>
</Project>