
Microsoft Visual Studio Solution File, Format Version 12.00
# Visual Studio Version 16
VisualStudioVersion = 16.0.29709.97
MinimumVisualStudioVersion = 10.0.40219.1
Project("{8BC9CEB8-8B4A-11D0-8D11-00A0C91BC942}") = "deviceEmitto", "deviceEmitto\deviceEmitto.vcxproj", "{9CC5284B-8066-42B4-BA2F-F622D426FC9D}"
EndProject
Project("{8BC9CEB8-8B4A-11D0-8D11-00A0C91BC942}") = "deviceIRHub", "deviceIRHub\deviceIRHub.vcxproj", "{A3AC6092-3AD4-4E15-ABA6-4F5BFEB59C90}"
EndProject
Project("{8BC9CEB8-8B4A-11D0-8D11-00A0C91BC942}") = "deviceBedController", "deviceBedController\deviceBedController.vcxproj", "{BF8916CA-04A3-4DFA-AB87-26C80961D056}"
EndProject
Project("{8BC9CEB8-8B4A-11D0-8D11-00A0C91BC942}") = "deviceDoorOpener", "deviceDoorOpener\deviceDoorOpener.vcxproj", "{5D915DD1-4577-4A21-80B5-F20793F520E8}"
EndProject
Global
	GlobalSection(SolutionConfigurationPlatforms) = preSolution
		Debug|ARM = Debug|ARM
		Debug|ARM64 = Debug|ARM64
		Debug|x64 = Debug|x64
		Debug|x86 = Debug|x86
		Release|ARM = Release|ARM
		Release|ARM64 = Release|ARM64
		Release|x64 = Release|x64
		Release|x86 = Release|x86
	EndGlobalSection
	GlobalSection(ProjectConfigurationPlatforms) = postSolution
		{9CC5284B-8066-42B4-BA2F-F622D426FC9D}.Debug|ARM.ActiveCfg = Debug|ARM
		{9CC5284B-8066-42B4-BA2F-F622D426FC9D}.Debug|ARM.Build.0 = Debug|ARM
		{9CC5284B-8066-42B4-BA2F-F622D426FC9D}.Debug|ARM.Deploy.0 = Debug|ARM
		{9CC5284B-8066-42B4-BA2F-F622D426FC9D}.Debug|ARM64.ActiveCfg = Debug|ARM64
		{9CC5284B-8066-42B4-BA2F-F622D426FC9D}.Debug|ARM64.Build.0 = Debug|ARM64
		{9CC5284B-8066-42B4-BA2F-F622D426FC9D}.Debug|ARM64.Deploy.0 = Debug|ARM64
		{9CC5284B-8066-42B4-BA2F-F622D426FC9D}.Debug|x64.ActiveCfg = Debug|x64
		{9CC5284B-8066-42B4-BA2F-F622D426FC9D}.Debug|x64.Build.0 = Debug|x64
		{9CC5284B-8066-42B4-BA2F-F622D426FC9D}.Debug|x64.Deploy.0 = Debug|x64
		{9CC5284B-8066-42B4-BA2F-F622D426FC9D}.Debug|x86.ActiveCfg = Debug|x86
		{9CC5284B-8066-42B4-BA2F-F622D426FC9D}.Debug|x86.Build.0 = Debug|x86
		{9CC5284B-8066-42B4-BA2F-F622D426FC9D}.Debug|x86.Deploy.0 = Debug|x86
		{9CC5284B-8066-42B4-BA2F-F622D426FC9D}.Release|ARM.ActiveCfg = Release|ARM
		{9CC5284B-8066-42B4-BA2F-F622D426FC9D}.Release|ARM.Build.0 = Release|ARM
		{9CC5284B-8066-42B4-BA2F-F622D426FC9D}.Release|ARM.Deploy.0 = Release|ARM
		{9CC5284B-8066-42B4-BA2F-F622D426FC9D}.Release|ARM64.ActiveCfg = Release|ARM64
		{9CC5284B-8066-42B4-BA2F-F622D426FC9D}.Release|ARM64.Build.0 = Release|ARM64
		{9CC5284B-8066-42B4-BA2F-F622D426FC9D}.Release|ARM64.Deploy.0 = Release|ARM64
		{9CC5284B-8066-42B4-BA2F-F622D426FC9D}.Release|x64.ActiveCfg = Release|x64
		{9CC5284B-8066-42B4-BA2F-F622D426FC9D}.Release|x64.Build.0 = Release|x64
		{9CC5284B-8066-42B4-BA2F-F622D426FC9D}.Release|x64.Deploy.0 = Release|x64
		{9CC5284B-8066-42B4-BA2F-F622D426FC9D}.Release|x86.ActiveCfg = Release|x86
		{9CC5284B-8066-42B4-BA2F-F622D426FC9D}.Release|x86.Build.0 = Release|x86
		{9CC5284B-8066-42B4-BA2F-F622D426FC9D}.Release|x86.Deploy.0 = Release|x86
		{A3AC6092-3AD4-4E15-ABA6-4F5BFEB59C90}.Debug|ARM.ActiveCfg = Debug|ARM
		{A3AC6092-3AD4-4E15-ABA6-4F5BFEB59C90}.Debug|ARM.Build.0 = Debug|ARM
		{A3AC6092-3AD4-4E15-ABA6-4F5BFEB59C90}.Debug|ARM.Deploy.0 = Debug|ARM
		{A3AC6092-3AD4-4E15-ABA6-4F5BFEB59C90}.Debug|ARM64.ActiveCfg = Debug|ARM64
		{A3AC6092-3AD4-4E15-ABA6-4F5BFEB59C90}.Debug|ARM64.Build.0 = Debug|ARM64
		{A3AC6092-3AD4-4E15-ABA6-4F5BFEB59C90}.Debug|ARM64.Deploy.0 = Debug|ARM64
		{A3AC6092-3AD4-4E15-ABA6-4F5BFEB59C90}.Debug|x64.ActiveCfg = Debug|x64
		{A3AC6092-3AD4-4E15-ABA6-4F5BFEB59C90}.Debug|x64.Build.0 = Debug|x64
		{A3AC6092-3AD4-4E15-ABA6-4F5BFEB59C90}.Debug|x64.Deploy.0 = Debug|x64
		{A3AC6092-3AD4-4E15-ABA6-4F5BFEB59C90}.Debug|x86.ActiveCfg = Debug|x86
		{A3AC6092-3AD4-4E15-ABA6-4F5BFEB59C90}.Debug|x86.Build.0 = Debug|x86
		{A3AC6092-3AD4-4E15-ABA6-4F5BFEB59C90}.Debug|x86.Deploy.0 = Debug|x86
		{A3AC6092-3AD4-4E15-ABA6-4F5BFEB59C90}.Release|ARM.ActiveCfg = Release|ARM
		{A3AC6092-3AD4-4E15-ABA6-4F5BFEB59C90}.Release|ARM.Build.0 = Release|ARM
		{A3AC6092-3AD4-4E15-ABA6-4F5BFEB59C90}.Release|ARM.Deploy.0 = Release|ARM
		{A3AC6092-3AD4-4E15-ABA6-4F5BFEB59C90}.Release|ARM64.ActiveCfg = Release|ARM64
		{A3AC6092-3AD4-4E15-ABA6-4F5BFEB59C90}.Release|ARM64.Build.0 = Release|ARM64
		{A3AC6092-3AD4-4E15-ABA6-4F5BFEB59C90}.Release|ARM64.Deploy.0 = Release|ARM64
		{A3AC6092-3AD4-4E15-ABA6-4F5BFEB59C90}.Release|x64.ActiveCfg = Release|x64
		{A3AC6092-3AD4-4E15-ABA6-4F5BFEB59C90}.Release|x64.Build.0 = Release|x64
		{A3AC6092-3AD4-4E15-ABA6-4F5BFEB59C90}.Release|x64.Deploy.0 = Release|x64
		{A3AC6092-3AD4-4E15-ABA6-4F5BFEB59C90}.Release|x86.ActiveCfg = Release|x86
		{A3AC6092-3AD4-4E15-ABA6-4F5BFEB59C90}.Release|x86.Build.0 = Release|x86
		{A3AC6092-3AD4-4E15-ABA6-4F5BFEB59C90}.Release|x86.Deploy.0 = Release|x86
		{BF8916CA-04A3-4DFA-AB87-26C80961D056}.Debug|ARM.ActiveCfg = Debug|ARM
		{BF8916CA-04A3-4DFA-AB87-26C80961D056}.Debug|ARM.Build.0 = Debug|ARM
		{BF8916CA-04A3-4DFA-AB87-26C80961D056}.Debug|ARM.Deploy.0 = Debug|ARM
		{BF8916CA-04A3-4DFA-AB87-26C80961D056}.Debug|ARM64.ActiveCfg = Debug|ARM64
		{BF8916CA-04A3-4DFA-AB87-26C80961D056}.Debug|ARM64.Build.0 = Debug|ARM64
		{BF8916CA-04A3-4DFA-AB87-26C80961D056}.Debug|ARM64.Deploy.0 = Debug|ARM64
		{BF8916CA-04A3-4DFA-AB87-26C80961D056}.Debug|x64.ActiveCfg = Debug|x64
		{BF8916CA-04A3-4DFA-AB87-26C80961D056}.Debug|x64.Build.0 = Debug|x64
		{BF8916CA-04A3-4DFA-AB87-26C80961D056}.Debug|x64.Deploy.0 = Debug|x64
		{BF8916CA-04A3-4DFA-AB87-26C80961D056}.Debug|x86.ActiveCfg = Debug|x86
		{BF8916CA-04A3-4DFA-AB87-26C80961D056}.Debug|x86.Build.0 = Debug|x86
		{BF8916CA-04A3-4DFA-AB87-26C80961D056}.Debug|x86.Deploy.0 = Debug|x86
		{BF8916CA-04A3-4DFA-AB87-26C80961D056}.Release|ARM.ActiveCfg = Release|ARM
		{BF8916CA-04A3-4DFA-AB87-26C80961D056}.Release|ARM.Build.0 = Release|ARM
		{BF8916CA-04A3-4DFA-AB87-26C80961D056}.Release|ARM.Deploy.0 = Release|ARM
		{BF8916CA-04A3-4DFA-AB87-26C80961D056}.Release|ARM64.ActiveCfg = Release|ARM64
		{BF8916CA-04A3-4DFA-AB87-26C80961D056}.Release|ARM64.Build.0 = Release|ARM64
		{BF8916CA-04A3-4DFA-AB87-26C80961D056}.Release|ARM64.Deploy.0 = Release|ARM64
		{BF8916CA-04A3-4DFA-AB87-26C80961D056}.Release|x64.ActiveCfg = Release|x64
		{BF8916CA-04A3-4DFA-AB87-26C80961D056}.Release|x64.Build.0 = Release|x64
		{BF8916CA-04A3-4DFA-AB87-26C80961D056}.Release|x64.Deploy.0 = Release|x64
		{BF8916CA-04A3-4DFA-AB87-26C80961D056}.Release|x86.ActiveCfg = Release|x86
		{BF8916CA-04A3-4DFA-AB87-26C80961D056}.Release|x86.Build.0 = Release|x86
		{BF8916CA-04A3-4DFA-AB87-26C80961D056}.Release|x86.Deploy.0 = Release|x86
		{5D915DD1-4577-4A21-80B5-F20793F520E8}.Debug|ARM.ActiveCfg = Debug|ARM
		{5D915DD1-4577-4A21-80B5-F20793F520E8}.Debug|ARM.Build.0 = Debug|ARM
		{5D915DD1-4577-4A21-80B5-F20793F520E8}.Debug|ARM.Deploy.0 = Debug|ARM
		{5D915DD1-4577-4A21-80B5-F20793F520E8}.Debug|ARM64.ActiveCfg = Debug|ARM64
		{5D915DD1-4577-4A21-80B5-F20793F520E8}.Debug|ARM64.Build.0 = Debug|ARM64
		{5D915DD1-4577-4A21-80B5-F20793F520E8}.Debug|ARM64.Deploy.0 = Debug|ARM64
		{5D915DD1-4577-4A21-80B5-F20793F520E8}.Debug|x64.ActiveCfg = Debug|x64
		{5D915DD1-4577-4A21-80B5-F20793F520E8}.Debug|x64.Build.0 = Debug|x64
		{5D915DD1-4577-4A21-80B5-F20793F520E8}.Debug|x64.Deploy.0 = Debug|x64
		{5D915DD1-4577-4A21-80B5-F20793F520E8}.Debug|x86.ActiveCfg = Debug|x86
		{5D915DD1-4577-4A21-80B5-F20793F520E8}.Debug|x86.Build.0 = Debug|x86
		{5D915DD1-4577-4A21-80B5-F20793F520E8}.Debug|x86.Deploy.0 = Debug|x86
		{5D915DD1-4577-4A21-80B5-F20793F520E8}.Release|ARM.ActiveCfg = Release|ARM
		{5D915DD1-4577-4A21-80B5-F20793F520E8}.Release|ARM.Build.0 = Release|ARM
		{5D915DD1-4577-4A21-80B5-F20793F520E8}.Release|ARM.Deploy.0 = Release|ARM
		{5D915DD1-4577-4A21-80B5-F20793F520E8}.Release|ARM64.ActiveCfg = Release|ARM64
		{5D915DD1-4577-4A21-80B5-F20793F520E8}.Release|ARM64.Build.0 = Release|ARM64
		{5D915DD1-4577-4A21-80B5-F20793F520E8}.Release|ARM64.Deploy.0 = Release|ARM64
		{5D915DD1-4577-4A21-80B5-F20793F520E8}.Release|x64.ActiveCfg = Release|x64
		{5D915DD1-4577-4A21-80B5-F20793F520E8}.Release|x64.Build.0 = Release|x64
		{5D915DD1-4577-4A21-80B5-F20793F520E8}.Release|x64.Deploy.0 = Release|x64
		{5D915DD1-4577-4A21-80B5-F20793F520E8}.Release|x86.ActiveCfg = Release|x86
		{5D915DD1-4577-4A21-80B5-F20793F520E8}.Release|x86.Build.0 = Release|x86
		{5D915DD1-4577-4A21-80B5-F20793F520E8}.Release|x86.Deploy.0 = Release|x86
	EndGlobalSection
	GlobalSection(SolutionProperties) = preSolution
		HideSolutionNode = FALSE
	EndGlobalSection
	GlobalSection(ExtensibilityGlobals) = postSolution
		SolutionGuid = {A38EBAE9-6196-421D-A53D-2A6E9655449E}
	EndGlobalSection
EndGlobal
