<?xml version="1.0" encoding="utf-8"?>
<Project ToolsVersion="4.0" xmlns="http://schemas.microsoft.com/developer/msbuild/2003">
  <ItemGroup>
    <Filter Include="Common">
      <UniqueIdentifier>{b6bc718b-3199-479d-8d64-eefcc4472c0b}</UniqueIdentifier>
    </Filter>
    <Filter Include="Inc">
      <UniqueIdentifier>{2518d1af-6428-4404-84b7-dbc979b1c551}</UniqueIdentifier>
    </Filter>
    <Filter Include="Src">
      <UniqueIdentifier>{9be15340-bc82-41bd-afd4-8168cc273ba8}</UniqueIdentifier>
    </Filter>
  </ItemGroup>
  <ItemGroup>
    <ClCompile Include="..\..\..\emitto-firmware\Photon\EmittoStack\aes.cpp">
      <Filter>Common</Filter>
    </ClCompile>
    <ClCompile Include="..\..\..\emitto-firmware\Photon\EmittoStack\CLI.cpp">
      <Filter>Common</Filter>
    </ClCompile>
    <ClCompile Include="..\..\..\emitto-firmware\Photon\EmittoStack\deviceFSM.cpp">
      <Filter>Common</Filter>
    </ClCompile>
    <ClCompile Include="..\..\..\emitto-firmware\Photon\EmittoStack\localComm.cpp">
      <Filter>Common</Filter>
    </ClCompile>
    <ClCompile Include="..\..\..\emitto-firmware\Photon\EmittoStack\utils.cpp">
      <Filter>Common</Filter>
    </ClCompile>
    <ClCompile Include="..\..\..\emitto-firmware\Photon\EmittoStack\bedController.cpp">
      <Filter>Src</Filter>
    </ClCompile>
  </ItemGroup>
  <ItemGroup>
    <ClInclude Include="..\..\..\emitto-firmware\Photon\EmittoStack\aes.h">
      <Filter>Common</Filter>
    </ClInclude>
    <ClInclude Include="..\..\..\emitto-firmware\Photon\EmittoStack\CLI.h">
      <Filter>Common</Filter>
    </ClInclude>
    <ClInclude Include="..\..\..\emitto-firmware\Photon\EmittoStack\device.h">
      <Filter>Common</Filter>
    </ClInclude>
    <ClInclude Include="..\..\..\emitto-firmware\Photon\EmittoStack\deviceFSM.h">
      <Filter>Common</Filter>
    </ClInclude>
    <ClInclude Include="..\..\..\emitto-firmware\Photon\EmittoStack\devParameters.h">
      <Filter>Common</Filter>
    </ClInclude>
    <ClInclude Include="..\..\..\emitto-firmware\Photon\EmittoStack\hw_version.h">
      <Filter>Common</Filter>
    </ClInclude>
    <ClInclude Include="..\..\..\emitto-firmware\Photon\EmittoStack\ircodes.h">
      <Filter>Common</Filter>
    </ClInclude>
    <ClInclude Include="..\..\..\emitto-firmware\Photon\EmittoStack\localComm.h">
      <Filter>Common</Filter>
    </ClInclude>
    <ClInclude Include="..\..\..\emitto-firmware\Photon\EmittoStack\utils.h">
      <Filter>Common</Filter>
    </ClInclude>
    <ClInclude Include="..\..\..\emitto-firmware\Photon\EmittoStack\version_Core.h">
      <Filter>Common</Filter>
    </ClInclude>
    <ClInclude Include="..\..\..\emitto-firmware\Photon\EmittoStack\bedController.h">
      <Filter>Inc</Filter>
    </ClInclude>
    <ClInclude Include="..\..\..\emitto-firmware\Photon\EmittoStack\deviceBedController.h">
      <Filter>Inc</Filter>
    </ClInclude>
    <ClInclude Include="..\..\..\emitto-firmware\Photon\EmittoStack\version_Bed.h">
      <Filter>Inc</Filter>
    </ClInclude>
    <ClInclude Include="..\..\..\emitto-firmware\Photon\EmittoStack\devLEDStatus.h">
      <Filter>Common</Filter>
    </ClInclude>
    <ClInclude Include="..\..\..\emitto-firmware\Photon\EmittoStack\deviceCommands.h">
      <Filter>Common</Filter>
    </ClInclude>
  </ItemGroup>
  <ItemGroup>
    <None Include="..\..\..\emitto-firmware\Photon\EmittoStack\compileBedController.sh" />
    <None Include="..\..\..\emitto-firmware\Photon\EmittoStack\flashBedController.sh" />
    <None Include="..\..\..\emitto-firmware\Photon\EmittoStack\deviceBedController.ino">
      <Filter>Src</Filter>
    </None>
  </ItemGroup>
</Project>